
Microsoft Visual Studio Solution File, Format Version 12.00
# Visual Studio Version 16
VisualStudioVersion = 16.0.29215.179
MinimumVisualStudioVersion = 10.0.40219.1
Project("{FAE04EC0-301F-11D3-BF4B-00C04F79EFBC}") = "StudentPhotoCollection", "StudentPhotoCollection.csproj", "{CBE54E77-8EE2-40E9-8A8F-524BBB5F9A6B}"
EndProject
Global
	GlobalSection(SolutionConfigurationPlatforms) = preSolution
		Debug|Any CPU = Debug|Any CPU
		Debug|ARM = Debug|ARM
		Debug|ARM64 = Debug|ARM64
		Debug|x64 = Debug|x64
		Debug|x86 = Debug|x86
		Release|Any CPU = Release|Any CPU
		Release|ARM = Release|ARM
		Release|ARM64 = Release|ARM64
		Release|x64 = Release|x64
		Release|x86 = Release|x86
		Description = 学生照片信息采集
	EndGlobalSection
	GlobalSection(ProjectConfigurationPlatforms) = postSolution
		{CBE54E77-8EE2-40E9-8A8F-524BBB5F9A6B}.Debug|Any CPU.ActiveCfg = Debug|Any CPU
		{CBE54E77-8EE2-40E9-8A8F-524BBB5F9A6B}.Debug|Any CPU.Build.0 = Debug|Any CPU
		{CBE54E77-8EE2-40E9-8A8F-524BBB5F9A6B}.Debug|ARM.ActiveCfg = Debug|Any CPU
		{CBE54E77-8EE2-40E9-8A8F-524BBB5F9A6B}.Debug|ARM.Build.0 = Debug|Any CPU
		{CBE54E77-8EE2-40E9-8A8F-524BBB5F9A6B}.Debug|ARM64.ActiveCfg = Debug|Any CPU
		{CBE54E77-8EE2-40E9-8A8F-524BBB5F9A6B}.Debug|ARM64.Build.0 = Debug|Any CPU
		{CBE54E77-8EE2-40E9-8A8F-524BBB5F9A6B}.Debug|x64.ActiveCfg = Debug|Any CPU
		{CBE54E77-8EE2-40E9-8A8F-524BBB5F9A6B}.Debug|x64.Build.0 = Debug|Any CPU
		{CBE54E77-8EE2-40E9-8A8F-524BBB5F9A6B}.Debug|x86.ActiveCfg = Debug|Any CPU
		{CBE54E77-8EE2-40E9-8A8F-524BBB5F9A6B}.Debug|x86.Build.0 = Debug|Any CPU
		{CBE54E77-8EE2-40E9-8A8F-524BBB5F9A6B}.Release|Any CPU.ActiveCfg = Release|Any CPU
		{CBE54E77-8EE2-40E9-8A8F-524BBB5F9A6B}.Release|Any CPU.Build.0 = Release|Any CPU
		{CBE54E77-8EE2-40E9-8A8F-524BBB5F9A6B}.Release|ARM.ActiveCfg = Release|Any CPU
		{CBE54E77-8EE2-40E9-8A8F-524BBB5F9A6B}.Release|ARM.Build.0 = Release|Any CPU
		{CBE54E77-8EE2-40E9-8A8F-524BBB5F9A6B}.Release|ARM64.ActiveCfg = Release|Any CPU
		{CBE54E77-8EE2-40E9-8A8F-524BBB5F9A6B}.Release|ARM64.Build.0 = Release|Any CPU
		{CBE54E77-8EE2-40E9-8A8F-524BBB5F9A6B}.Release|x64.ActiveCfg = Release|Any CPU
		{CBE54E77-8EE2-40E9-8A8F-524BBB5F9A6B}.Release|x64.Build.0 = Release|Any CPU
		{CBE54E77-8EE2-40E9-8A8F-524BBB5F9A6B}.Release|x86.ActiveCfg = Release|Any CPU
		{CBE54E77-8EE2-40E9-8A8F-524BBB5F9A6B}.Release|x86.Build.0 = Release|Any CPU
	EndGlobalSection
	GlobalSection(SolutionProperties) = preSolution
		HideSolutionNode = FALSE
	EndGlobalSection
	GlobalSection(ExtensibilityGlobals) = postSolution
		SolutionGuid = {8AA53668-D9B5-43A5-A9D7-58D570E6A461}
	EndGlobalSection
EndGlobal
